#MicroXplorer Configuration settings - do not modify
ADC1.Channel-2\#ChannelRegularConversion=ADC_CHANNEL_10
ADC1.CommonPathInternal=null|null|null|null
ADC1.IPParameters=Rank-2\#ChannelRegularConversion,master,Channel-2\#ChannelRegularConversion,SamplingTime-2\#ChannelRegularConversion,OffsetNumber-2\#ChannelRegularConversion,NbrOfConversionFlag,CommonPathInternal
ADC1.NbrOfConversionFlag=1
ADC1.OffsetNumber-2\#ChannelRegularConversion=ADC_OFFSET_NONE
ADC1.Rank-2\#ChannelRegularConversion=1
ADC1.SamplingTime-2\#ChannelRegularConversion=ADC_SAMPLETIME_2CYCLES_5
ADC1.master=1
ADC2.Channel-0\#ChannelRegularConversion=ADC_CHANNEL_VOPAMP2
ADC2.CommonPathInternal=null|null|null|null
ADC2.ExternalTrigConv=ADC_EXTERNALTRIG_HRTIM_TRG7
ADC2.IPParameters=Rank-0\#ChannelRegularConversion,Channel-0\#ChannelRegularConversion,SamplingTime-0\#ChannelRegularConversion,OffsetNumber-0\#ChannelRegularConversion,NbrOfConversionFlag,OversamplingMode,RightBitShift,Ratio,ExternalTrigConv,CommonPathInternal
ADC2.NbrOfConversionFlag=1
ADC2.OffsetNumber-0\#ChannelRegularConversion=ADC_OFFSET_NONE
ADC2.OversamplingMode=ENABLE
ADC2.Rank-0\#ChannelRegularConversion=1
ADC2.Ratio=ADC_OVERSAMPLING_RATIO_256
ADC2.RightBitShift=ADC_RIGHTBITSHIFT_4
ADC2.SamplingTime-0\#ChannelRegularConversion=ADC_SAMPLETIME_2CYCLES_5
ADC3.Channel-0\#ChannelRegularConversion=ADC_CHANNEL_VOPAMP3_ADC3
ADC3.CommonPathInternal=null|null|null|null
ADC3.ExternalTrigConv=ADC_EXTERNALTRIG_HRTIM_TRG5
ADC3.IPParameters=Rank-0\#ChannelRegularConversion,master,Channel-0\#ChannelRegularConversion,SamplingTime-0\#ChannelRegularConversion,OffsetNumber-0\#ChannelRegularConversion,NbrOfConversionFlag,OversamplingMode,RightBitShift,Ratio,ExternalTrigConv,CommonPathInternal
ADC3.NbrOfConversionFlag=1
ADC3.OffsetNumber-0\#ChannelRegularConversion=ADC_OFFSET_NONE
ADC3.OversamplingMode=ENABLE
ADC3.Rank-0\#ChannelRegularConversion=1
ADC3.Ratio=ADC_OVERSAMPLING_RATIO_256
ADC3.RightBitShift=ADC_RIGHTBITSHIFT_4
ADC3.SamplingTime-0\#ChannelRegularConversion=ADC_SAMPLETIME_2CYCLES_5
ADC3.master=1
ADC4.Channel-3\#ChannelRegularConversion=ADC_CHANNEL_VOPAMP6
ADC4.CommonPathInternal=null|null|null|null
ADC4.ContinuousConvMode=DISABLE
ADC4.DMAContinuousRequests=DISABLE
ADC4.EnableRegularConversion=ENABLE
ADC4.ExternalTrigConv=ADC_EXTERNALTRIG_HRTIM_TRG3
ADC4.IPParameters=ContinuousConvMode,EnableRegularConversion,Rank-3\#ChannelRegularConversion,Channel-3\#ChannelRegularConversion,SamplingTime-3\#ChannelRegularConversion,OffsetNumber-3\#ChannelRegularConversion,NbrOfConversionFlag,ExternalTrigConv,OversamplingMode,RightBitShift,Ratio,NbrOfConversion,DMAContinuousRequests,CommonPathInternal
ADC4.NbrOfConversion=1
ADC4.NbrOfConversionFlag=1
ADC4.OffsetNumber-3\#ChannelRegularConversion=ADC_OFFSET_NONE
ADC4.OversamplingMode=ENABLE
ADC4.Rank-3\#ChannelRegularConversion=1
ADC4.Ratio=ADC_OVERSAMPLING_RATIO_256
ADC4.RightBitShift=ADC_RIGHTBITSHIFT_4
ADC4.SamplingTime-3\#ChannelRegularConversion=ADC_SAMPLETIME_2CYCLES_5
ADC5.Channel-0\#ChannelRegularConversion=ADC_CHANNEL_VOPAMP4
ADC5.CommonPathInternal=null|null|null|null
ADC5.ExternalTrigConv=ADC_EXTERNALTRIG_HRTIM_TRG1
ADC5.IPParameters=Rank-0\#ChannelRegularConversion,Channel-0\#ChannelRegularConversion,SamplingTime-0\#ChannelRegularConversion,OffsetNumber-0\#ChannelRegularConversion,NbrOfConversionFlag,OversamplingMode,RightBitShift,Ratio,ExternalTrigConv,CommonPathInternal
ADC5.NbrOfConversionFlag=1
ADC5.OffsetNumber-0\#ChannelRegularConversion=ADC_OFFSET_NONE
ADC5.OversamplingMode=ENABLE
ADC5.Rank-0\#ChannelRegularConversion=1
ADC5.Ratio=ADC_OVERSAMPLING_RATIO_256
ADC5.RightBitShift=ADC_RIGHTBITSHIFT_4
ADC5.SamplingTime-0\#ChannelRegularConversion=ADC_SAMPLETIME_2CYCLES_5
CAD.formats=
CAD.pinconfig=
CAD.provider=
File.Version=6
GPIO.groupedBy=
HRTIM1.ADCTrigger1_Source1=HRTIM_ADCTRIGGEREVENT13_TIMERA_CMP3
HRTIM1.ADCTrigger3_Source1=HRTIM_ADCTRIGGEREVENT13_TIMERB_CMP3
HRTIM1.ADCTrigger_Id1=HRTIM_ADCTRIGGER_1
HRTIM1.ADCTrigger_Id2=__NULL
HRTIM1.ADCTrigger_Id3=HRTIM_ADCTRIGGER_3
HRTIM1.ADCTrigger_Id4=__NULL
HRTIM1.ADCTrigger_Id5=HRTIM_ADCTRIGGER_5
HRTIM1.ADCTrigger_Id7=HRTIM_ADCTRIGGER_7
HRTIM1.CaptureUnit1-Output_TA1=__NULL
HRTIM1.CaptureUnit1-Output_TD1=__NULL
HRTIM1.CompareUnit1-MasterTimer=HRTIM_COMPAREUNIT_1
HRTIM1.CompareUnit1-Output_TA1=HRTIM_COMPAREUNIT_1
HRTIM1.CompareUnit1-Output_TB1=HRTIM_COMPAREUNIT_1
HRTIM1.CompareUnit1-Output_TC1=HRTIM_COMPAREUNIT_1
HRTIM1.CompareUnit1-Output_TD1=HRTIM_COMPAREUNIT_1
HRTIM1.CompareUnit2-MasterTimer=HRTIM_COMPAREUNIT_2
HRTIM1.CompareUnit2-Output_TA1=__NULL
HRTIM1.CompareUnit2-Output_TB1=__NULL
HRTIM1.CompareUnit3-MasterTimer=HRTIM_COMPAREUNIT_3
HRTIM1.CompareUnit3-Output_TA1=HRTIM_COMPAREUNIT_3
HRTIM1.CompareUnit3-Output_TB1=HRTIM_COMPAREUNIT_3
HRTIM1.CompareUnit3-Output_TC1=HRTIM_COMPAREUNIT_3
HRTIM1.CompareUnit3-Output_TD1=HRTIM_COMPAREUNIT_3
HRTIM1.CompareUnit4-MasterTimer=HRTIM_COMPAREUNIT_4
HRTIM1.CompareUnit4-Output_TA1=__NULL
HRTIM1.CompareUnit4-Output_TB1=__NULL
HRTIM1.CompareValue1-MasterTimer=40000*2/4+2
HRTIM1.CompareValue1-Output_TA1=2
HRTIM1.CompareValue1-Output_TB1=2
HRTIM1.CompareValue1-Output_TC1=2
HRTIM1.CompareValue1-Output_TD1=2
HRTIM1.CompareValue2-MasterTimer=3
HRTIM1.CompareValue3-MasterTimer=40000*1/4+2
HRTIM1.CompareValue3-Output_TA1=50
HRTIM1.CompareValue3-Output_TB1=50
HRTIM1.CompareValue3-Output_TC1=50
HRTIM1.CompareValue3-Output_TD1=50
HRTIM1.CompareValue4-MasterTimer=40000*3/4+2
HRTIM1.IPParameters=ADCTrigger_Id1,ADCTrigger_Id2,ADCTrigger_Id3,ADCTrigger_Id4,PrescalerRatio_MASTER,Periode_MASTER,PrescalerRatio_TA,Periode_TA,PrescalerRatio_TB,Periode_TB,Periode_TC,PrescalerRatio_TC,PrescalerRatio_TD,Periode_TD,CompareUnit1-MasterTimer,CompareUnit2-MasterTimer,CompareUnit3-MasterTimer,CompareUnit4-MasterTimer,CompareValue1-MasterTimer,CompareValue2-MasterTimer,CompareValue3-MasterTimer,CompareValue4-MasterTimer,CompareUnit1-Output_TA1,CompareValue1-Output_TA1,CompareUnit1-Output_TB1,CompareValue1-Output_TB1,CompareUnit1-Output_TC1,CompareValue1-Output_TC1,CompareUnit1-Output_TD1,CompareValue1-Output_TD1,NumberSetSource1-Output_TD1,NumberResetSource1-Output_TD1,SetOutput1_Source1-Output_TD1,ResetOutput1_Source1-Output_TD1,NumberSetSource1-Output_TC1,NumberResetSource1-Output_TC1,NumberResetSource1-Output_TB1,NumberSetSource1-Output_TB1,NumberSetSource1-Output_TA1,NumberResetSource1-Output_TA1,CaptureUnit1-Output_TD1,ResetOutput1_Source1-Output_TC1,SetOutput1_Source1-Output_TA1,SetOutput1_Source1-Output_TB1,SetOutput1_Source1-Output_TC1,NumberUpdateTrigger-Output_TA1,NumberResetTrigger-Output_TA1,ResetTrigger1-Output_TA1,NumberResetTrigger-Output_TB1,ResetTrigger1-Output_TB1,NumberResetTrigger-Output_TC1,ResetTrigger1-Output_TC1,NumberResetTrigger-Output_TD1,ResetTrigger1-Output_TD1,ResetOutput1_Source1-Output_TA1,ResetOutput1_Source1-Output_TB1,ORingUpdateSource_ADCTrigger1,NumberADCTriggerSource1,CompareUnit3-Output_TA1,CompareValue3-Output_TA1,ADCTrigger1_Source1,CompareUnit3-Output_TB1,CompareValue3-Output_TB1,CompareUnit2-Output_TB1,CompareUnit4-Output_TB1,ORingUpdateSource_ADCTrigger3,NumberADCTriggerSource3,ADCTrigger3_Source1,NumberInterruptRequests_Master-MasterTimer,InterruptRequests1_Master,CompareUnit3-Output_TC1,CompareValue3-Output_TC1,CompareUnit3-Output_TD1,CompareValue3-Output_TD1,CaptureUnit1-Output_TA1,CompareUnit2-Output_TA1,CompareUnit4-Output_TA1,ADCTrigger_Id5,ADCTrigger_Id7,ORingUpdateSource_ADCTrigger5,ORingUpdateSource_ADCTrigger7,Source_ADCTrigger5,Source_ADCTrigger7,RepetitionUpdate-MasterTimer
HRTIM1.InterruptRequests1_Master=HRTIM_MASTER_IT_MREP
HRTIM1.NumberADCTriggerSource1=1
HRTIM1.NumberADCTriggerSource3=1
HRTIM1.NumberInterruptRequests_Master-MasterTimer=1
HRTIM1.NumberResetSource1-Output_TA1=1
HRTIM1.NumberResetSource1-Output_TB1=1
HRTIM1.NumberResetSource1-Output_TC1=1
HRTIM1.NumberResetSource1-Output_TD1=1
HRTIM1.NumberResetTrigger-Output_TA1=1
HRTIM1.NumberResetTrigger-Output_TB1=1
HRTIM1.NumberResetTrigger-Output_TC1=1
HRTIM1.NumberResetTrigger-Output_TD1=1
HRTIM1.NumberSetSource1-Output_TA1=1
HRTIM1.NumberSetSource1-Output_TB1=1
HRTIM1.NumberSetSource1-Output_TC1=1
HRTIM1.NumberSetSource1-Output_TD1=1
HRTIM1.NumberUpdateTrigger-Output_TA1=0
HRTIM1.ORingUpdateSource_ADCTrigger1=HRTIM_ADCTRIGGERUPDATE_TIMER_A
HRTIM1.ORingUpdateSource_ADCTrigger3=HRTIM_ADCTRIGGERUPDATE_TIMER_B
HRTIM1.ORingUpdateSource_ADCTrigger5=HRTIM_ADCTRIGGERUPDATE_TIMER_C
HRTIM1.ORingUpdateSource_ADCTrigger7=HRTIM_ADCTRIGGERUPDATE_TIMER_D
HRTIM1.Periode_MASTER=42500
HRTIM1.Periode_TA=42500
HRTIM1.Periode_TB=42500
HRTIM1.Periode_TC=42500
HRTIM1.Periode_TD=42500
HRTIM1.PrescalerRatio_MASTER=HRTIM_PRESCALERRATIO_DIV4
HRTIM1.PrescalerRatio_TA=HRTIM_PRESCALERRATIO_DIV4
HRTIM1.PrescalerRatio_TB=HRTIM_PRESCALERRATIO_DIV4
HRTIM1.PrescalerRatio_TC=HRTIM_PRESCALERRATIO_DIV4
HRTIM1.PrescalerRatio_TD=HRTIM_PRESCALERRATIO_DIV4
HRTIM1.RepetitionUpdate-MasterTimer=HRTIM_UPDATEONREPETITION_ENABLED
HRTIM1.ResetOutput1_Source1-Output_TA1=HRTIM_OUTPUTRESET_TIMCMP1
HRTIM1.ResetOutput1_Source1-Output_TB1=HRTIM_OUTPUTRESET_TIMCMP1
HRTIM1.ResetOutput1_Source1-Output_TC1=HRTIM_OUTPUTRESET_TIMCMP1
HRTIM1.ResetOutput1_Source1-Output_TD1=HRTIM_OUTPUTRESET_TIMCMP1
HRTIM1.ResetTrigger1-Output_TA1=HRTIM_TIMRESETTRIGGER_MASTER_CMP1
HRTIM1.ResetTrigger1-Output_TB1=HRTIM_TIMRESETTRIGGER_MASTER_CMP2
HRTIM1.ResetTrigger1-Output_TC1=HRTIM_TIMRESETTRIGGER_MASTER_CMP3
HRTIM1.ResetTrigger1-Output_TD1=HRTIM_TIMRESETTRIGGER_MASTER_CMP4
HRTIM1.SetOutput1_Source1-Output_TA1=HRTIM_OUTPUTSET_MASTERCMP1
HRTIM1.SetOutput1_Source1-Output_TB1=HRTIM_OUTPUTSET_MASTERCMP2
HRTIM1.SetOutput1_Source1-Output_TC1=HRTIM_OUTPUTSET_MASTERCMP3
HRTIM1.SetOutput1_Source1-Output_TD1=HRTIM_OUTPUTSET_MASTERCMP4
HRTIM1.Source_ADCTrigger5=HRTIM_ADCTRIGGEREVENT579_TIMERC_CMP3
HRTIM1.Source_ADCTrigger7=HRTIM_ADCTRIGGEREVENT579_TIMERD_CMP3
I2C1.I2C_Speed_Mode=I2C_Fast_Plus
I2C1.IPParameters=Timing,I2C_Speed_Mode
I2C1.Timing=0x00802172
KeepUserPlacement=false
Mcu.CPN=STM32G474CET6
Mcu.Family=STM32G4
Mcu.IP0=ADC1
Mcu.IP1=ADC2
Mcu.IP10=OPAMP4
Mcu.IP11=OPAMP6
Mcu.IP12=RCC
Mcu.IP13=SYS
Mcu.IP14=TIM2
Mcu.IP15=TIM3
Mcu.IP16=TIM4
Mcu.IP17=TIM5
Mcu.IP18=TIM17
Mcu.IP2=ADC3
Mcu.IP3=ADC4
Mcu.IP4=ADC5
Mcu.IP5=HRTIM1
Mcu.IP6=I2C1
Mcu.IP7=NVIC
Mcu.IP8=OPAMP2
Mcu.IP9=OPAMP3
Mcu.IPNb=19
Mcu.Name=STM32G474C(B-C-E)Tx
Mcu.Package=LQFP48
Mcu.Pin0=PC14-OSC32_IN
Mcu.Pin1=PC15-OSC32_OUT
Mcu.Pin10=PA6
Mcu.Pin11=PA7
Mcu.Pin12=PB0
Mcu.Pin13=PB10
Mcu.Pin14=PB11
Mcu.Pin15=PB12
Mcu.Pin16=PB13
Mcu.Pin17=PB14
Mcu.Pin18=PA8
Mcu.Pin19=PA9
Mcu.Pin2=PF0-OSC_IN
Mcu.Pin20=PA10
Mcu.Pin21=PA11
Mcu.Pin22=PA12
Mcu.Pin23=PA13
Mcu.Pin24=PA14
Mcu.Pin25=PA15
Mcu.Pin26=PB3
Mcu.Pin27=PB5
Mcu.Pin28=PB7
Mcu.Pin29=PB9
Mcu.Pin3=PF1-OSC_OUT
Mcu.Pin30=VP_ADC2_OPAMP_INTERNAL2
Mcu.Pin31=VP_ADC3_OPAMP_INTERNAL3
Mcu.Pin32=VP_ADC4_OPAMP_INTERNAL6
Mcu.Pin33=VP_ADC5_OPAMP_INTERNAL4
Mcu.Pin34=VP_HRTIM1_VS_hrtimMasterTimerNoOutput
Mcu.Pin35=VP_SYS_VS_Systick
Mcu.Pin36=VP_SYS_VS_DBSignals
Mcu.Pin37=VP_TIM5_VS_ClockSourceINT
Mcu.Pin38=VP_TIM17_VS_ClockSourceINT
Mcu.Pin4=PA0
Mcu.Pin5=PA1
Mcu.Pin6=PA2
Mcu.Pin7=PA3
Mcu.Pin8=PA4
Mcu.Pin9=PA5
Mcu.PinsNb=39
Mcu.ThirdPartyNb=0
Mcu.UserConstants=
Mcu.UserName=STM32G474CETx
MxCube.Version=6.8.1
MxDb.Version=DB.6.0.81
NVIC.ADC1_2_IRQn=true\:0\:0\:false\:false\:true\:true\:true\:true
NVIC.ADC3_IRQn=true\:0\:0\:false\:false\:true\:true\:true\:true
NVIC.ADC4_IRQn=true\:0\:0\:false\:false\:true\:true\:true\:true
NVIC.ADC5_IRQn=true\:0\:0\:false\:false\:true\:true\:true\:true
NVIC.BusFault_IRQn=true\:0\:0\:false\:false\:true\:false\:false\:false
NVIC.DebugMonitor_IRQn=true\:0\:0\:false\:false\:true\:false\:false\:false
NVIC.ForceEnableDMAVector=true
NVIC.HRTIM1_Master_IRQn=true\:0\:0\:false\:false\:true\:true\:true\:true
NVIC.HardFault_IRQn=true\:0\:0\:false\:false\:true\:false\:false\:false
NVIC.MemoryManagement_IRQn=true\:0\:0\:false\:false\:true\:false\:false\:false
NVIC.NonMaskableInt_IRQn=true\:0\:0\:false\:false\:true\:false\:false\:false
NVIC.PendSV_IRQn=true\:0\:0\:false\:false\:true\:false\:false\:false
NVIC.PriorityGroup=NVIC_PRIORITYGROUP_4
NVIC.SVCall_IRQn=true\:0\:0\:false\:false\:true\:false\:false\:false
NVIC.SysTick_IRQn=true\:15\:0\:false\:false\:true\:false\:true\:false
NVIC.UsageFault_IRQn=true\:0\:0\:false\:false\:true\:false\:false\:false
OPAMP2.IPParameters=PgaGain,PowerMode
OPAMP2.PgaGain=OPAMP_PGA_GAIN_16_OR_MINUS_15
OPAMP2.PowerMode=OPAMP_POWERMODE_HIGHSPEED
OPAMP3.IPParameters=PgaGain,PowerMode
OPAMP3.PgaGain=OPAMP_PGA_GAIN_16_OR_MINUS_15
OPAMP3.PowerMode=OPAMP_POWERMODE_HIGHSPEED
OPAMP4.IPParameters=PgaGain,PowerMode
OPAMP4.PgaGain=OPAMP_PGA_GAIN_16_OR_MINUS_15
OPAMP4.PowerMode=OPAMP_POWERMODE_HIGHSPEED
OPAMP6.IPParameters=PgaGain,PowerMode
OPAMP6.PgaGain=OPAMP_PGA_GAIN_16_OR_MINUS_15
OPAMP6.PowerMode=OPAMP_POWERMODE_HIGHSPEED
PA0.Locked=true
PA0.Signal=S_TIM5_CH1
PA1.Locked=true
PA1.Signal=S_TIM5_CH2
PA10.Mode=Output_TB1
PA10.Signal=HRTIM1_CHB1
PA11.Signal=S_TIM4_CH1
PA12.Signal=S_TIM4_CH2
PA13.Mode=Trace_Asynchronous_SW
PA13.Signal=SYS_JTMS-SWDIO
PA14.Mode=Trace_Asynchronous_SW
PA14.Signal=SYS_JTCK-SWCLK
PA15.Mode=I2C
PA15.Signal=I2C1_SCL
PA2.Locked=true
PA2.Signal=S_TIM5_CH3
PA3.Locked=true
PA3.Signal=S_TIM5_CH4
PA4.Signal=S_TIM3_CH2
PA5.Locked=true
PA5.Signal=S_TIM2_CH1
PA6.Signal=S_TIM3_CH1
PA7.Locked=true
PA7.Mode=PGA_Internally_Connected
PA7.Signal=OPAMP2_VINP
PA8.Mode=Output_TA1
PA8.Signal=HRTIM1_CHA1
PA9.Locked=true
PA9.Signal=S_TIM2_CH3
PB0.Locked=true
PB0.Mode=PGA_Internally_Connected
PB0.Signal=OPAMP3_VINP
PB10.GPIOParameters=GPIO_Label
PB10.GPIO_Label=HCMS_DA
PB10.Locked=true
PB10.Signal=GPIO_Output
PB11.Locked=true
PB11.Mode=PGA_Internally_Connected
PB11.Signal=OPAMP4_VINP
PB12.Mode=Output_TC1
PB12.Signal=HRTIM1_CHC1
PB13.Locked=true
PB13.Mode=PGA_Internally_Connected
PB13.Signal=OPAMP6_VINP
PB14.Mode=Output_TD1
PB14.Signal=HRTIM1_CHD1
PB3.Mode=Trace_Asynchronous_SW
PB3.Signal=SYS_JTDO-SWO
PB5.Signal=S_TIM17_CH1
PB7.Mode=I2C
PB7.Signal=I2C1_SDA
PB9.Locked=true
PB9.Signal=GPIO_Output
PC14-OSC32_IN.GPIOParameters=GPIO_Label
PC14-OSC32_IN.GPIO_Label=HCMS_CE
PC14-OSC32_IN.Locked=true
PC14-OSC32_IN.Signal=GPIO_Output
PC15-OSC32_OUT.GPIOParameters=GPIO_Label
PC15-OSC32_OUT.GPIO_Label=HCMS_CK
PC15-OSC32_OUT.Locked=true
PC15-OSC32_OUT.Signal=GPIO_Output
PF0-OSC_IN.Locked=true
PF0-OSC_IN.Mode=IN10-Single-Ended
PF0-OSC_IN.Signal=ADC1_IN10
PF1-OSC_OUT.GPIOParameters=GPIO_Label
PF1-OSC_OUT.GPIO_Label=HCMS_RS
PF1-OSC_OUT.Locked=true
PF1-OSC_OUT.Signal=GPIO_Output
PinOutPanel.RotationAngle=0
ProjectManager.AskForMigrate=true
ProjectManager.BackupPrevious=false
ProjectManager.CompilerOptimize=6
ProjectManager.ComputerToolchain=false
ProjectManager.CoupleFile=true
ProjectManager.CustomerFirmwarePackage=
ProjectManager.DefaultFWLocation=true
ProjectManager.DeletePrevious=true
ProjectManager.DeviceId=STM32G474CETx
ProjectManager.FirmwarePackage=STM32Cube FW_G4 V1.5.2
ProjectManager.FreePins=false
ProjectManager.HalAssertFull=false
ProjectManager.HeapSize=0x200
ProjectManager.KeepUserCode=true
ProjectManager.LastFirmware=true
ProjectManager.LibraryCopy=0
ProjectManager.MainLocation=Core/Src
ProjectManager.NoMain=true
ProjectManager.PreviousToolchain=
ProjectManager.ProjectBuild=false
ProjectManager.ProjectFileName=uglyBob.ioc
ProjectManager.ProjectName=uglyBob
ProjectManager.ProjectStructure=
ProjectManager.RegisterCallBack=
ProjectManager.StackSize=0x400
ProjectManager.TargetToolchain=Makefile
ProjectManager.ToolChainLocation=
ProjectManager.UnderRoot=false
ProjectManager.functionlistsort=1-SystemClock_Config-RCC-false-HAL-false,2-MX_GPIO_Init-GPIO-false-HAL-true,3-MX_ADC1_Init-ADC1-false-HAL-true,4-MX_ADC2_Init-ADC2-false-HAL-true,5-MX_ADC3_Init-ADC3-false-HAL-true,6-MX_ADC4_Init-ADC4-false-HAL-true,7-MX_ADC5_Init-ADC5-false-HAL-true,8-MX_HRTIM1_Init-HRTIM1-false-HAL-true,9-MX_I2C1_Init-I2C1-false-HAL-true,10-MX_OPAMP2_Init-OPAMP2-false-HAL-true,11-MX_OPAMP3_Init-OPAMP3-false-HAL-true,12-MX_OPAMP4_Init-OPAMP4-false-HAL-true,13-MX_OPAMP6_Init-OPAMP6-false-HAL-true,14-MX_TIM2_Init-TIM2-false-HAL-true,15-MX_TIM3_Init-TIM3-false-HAL-true,16-MX_TIM4_Init-TIM4-false-HAL-true,17-MX_TIM5_Init-TIM5-false-HAL-true,18-MX_TIM17_Init-TIM17-false-HAL-true
RCC.ADC12Freq_Value=170000000
RCC.ADC345Freq_Value=170000000
RCC.AHBFreq_Value=170000000
RCC.APB1Freq_Value=170000000
RCC.APB1TimFreq_Value=170000000
RCC.APB2Freq_Value=170000000
RCC.APB2TimFreq_Value=170000000
RCC.CRSFreq_Value=48000000
RCC.CortexFreq_Value=170000000
RCC.EXTERNAL_CLOCK_VALUE=12288000
RCC.FCLKCortexFreq_Value=170000000
RCC.FDCANFreq_Value=170000000
RCC.FamilyName=M
RCC.HCLKFreq_Value=170000000
RCC.HRTIM1Freq_Value=170000000
RCC.HSE_VALUE=8000000
RCC.HSI48_VALUE=48000000
RCC.HSI_VALUE=16000000
RCC.I2C1Freq_Value=170000000
RCC.I2C2Freq_Value=170000000
RCC.I2C3Freq_Value=170000000
RCC.I2C4Freq_Value=170000000
RCC.I2SFreq_Value=170000000
RCC.IPParameters=ADC12Freq_Value,ADC345Freq_Value,AHBFreq_Value,APB1Freq_Value,APB1TimFreq_Value,APB2Freq_Value,APB2TimFreq_Value,CRSFreq_Value,CortexFreq_Value,EXTERNAL_CLOCK_VALUE,FCLKCortexFreq_Value,FDCANFreq_Value,FamilyName,HCLKFreq_Value,HRTIM1Freq_Value,HSE_VALUE,HSI48_VALUE,HSI_VALUE,I2C1Freq_Value,I2C2Freq_Value,I2C3Freq_Value,I2C4Freq_Value,I2SFreq_Value,LPTIM1Freq_Value,LPUART1Freq_Value,LSCOPinFreq_Value,LSE_VALUE,LSI_VALUE,MCO1PinFreq_Value,PLLM,PLLN,PLLPoutputFreq_Value,PLLQoutputFreq_Value,PLLRCLKFreq_Value,PWRFreq_Value,QSPIFreq_Value,RNGFreq_Value,SAI1Freq_Value,SYSCLKFreq_VALUE,SYSCLKSource,USART1Freq_Value,USART2Freq_Value,USART3Freq_Value,USBFreq_Value,VCOInputFreq_Value,VCOOutputFreq_Value
RCC.LPTIM1Freq_Value=170000000
RCC.LPUART1Freq_Value=170000000
RCC.LSCOPinFreq_Value=32000
RCC.LSE_VALUE=32768
RCC.LSI_VALUE=32000
RCC.MCO1PinFreq_Value=16000000
RCC.PLLM=RCC_PLLM_DIV4
RCC.PLLN=85
RCC.PLLPoutputFreq_Value=170000000
RCC.PLLQoutputFreq_Value=170000000
RCC.PLLRCLKFreq_Value=170000000
RCC.PWRFreq_Value=170000000
RCC.QSPIFreq_Value=170000000
RCC.RNGFreq_Value=170000000
RCC.SAI1Freq_Value=170000000
RCC.SYSCLKFreq_VALUE=170000000
RCC.SYSCLKSource=RCC_SYSCLKSOURCE_PLLCLK
RCC.USART1Freq_Value=170000000
RCC.USART2Freq_Value=170000000
RCC.USART3Freq_Value=170000000
RCC.USBFreq_Value=170000000
RCC.VCOInputFreq_Value=4000000
RCC.VCOOutputFreq_Value=340000000
SH.S_TIM17_CH1.0=TIM17_CH1,PWM Generation1 CH1
SH.S_TIM17_CH1.ConfNb=1
SH.S_TIM2_CH1.0=TIM2_CH1,PWM Generation1 CH1
SH.S_TIM2_CH1.ConfNb=1
SH.S_TIM2_CH3.0=TIM2_CH3,PWM Generation3 CH3
SH.S_TIM2_CH3.ConfNb=1
SH.S_TIM3_CH1.0=TIM3_CH1,Encoder_Interface
SH.S_TIM3_CH1.ConfNb=1
SH.S_TIM3_CH2.0=TIM3_CH2,Encoder_Interface
SH.S_TIM3_CH2.ConfNb=1
SH.S_TIM4_CH1.0=TIM4_CH1,Encoder_Interface
SH.S_TIM4_CH1.ConfNb=1
SH.S_TIM4_CH2.0=TIM4_CH2,Encoder_Interface
SH.S_TIM4_CH2.ConfNb=1
SH.S_TIM5_CH1.0=TIM5_CH1,PWM Generation1 CH1
SH.S_TIM5_CH1.ConfNb=1
SH.S_TIM5_CH2.0=TIM5_CH2,PWM Generation2 CH2
SH.S_TIM5_CH2.ConfNb=1
SH.S_TIM5_CH3.0=TIM5_CH3,PWM Generation3 CH3
SH.S_TIM5_CH3.ConfNb=1
SH.S_TIM5_CH4.0=TIM5_CH4,PWM Generation4 CH4
SH.S_TIM5_CH4.ConfNb=1
TIM17.Channel=TIM_CHANNEL_1
TIM17.IPParameters=Channel
TIM2.Channel-PWM\ Generation1\ CH1=TIM_CHANNEL_1
TIM2.Channel-PWM\ Generation3\ CH3=TIM_CHANNEL_3
TIM2.IPParameters=Channel-PWM Generation1 CH1,Channel-PWM Generation3 CH3
TIM5.Channel-PWM\ Generation1\ CH1=TIM_CHANNEL_1
TIM5.Channel-PWM\ Generation2\ CH2=TIM_CHANNEL_2
TIM5.Channel-PWM\ Generation3\ CH3=TIM_CHANNEL_3
TIM5.Channel-PWM\ Generation4\ CH4=TIM_CHANNEL_4
TIM5.IPParameters=Channel-PWM Generation1 CH1,Channel-PWM Generation2 CH2,Channel-PWM Generation3 CH3,Channel-PWM Generation4 CH4,PeriodNoDither,Prescaler
TIM5.PeriodNoDither=100-1
TIM5.Prescaler=1000-1
VP_ADC2_OPAMP_INTERNAL2.Mode=IN-OPAMP2
VP_ADC2_OPAMP_INTERNAL2.Signal=ADC2_OPAMP_INTERNAL2
VP_ADC3_OPAMP_INTERNAL3.Mode=IN-OPAMP3
VP_ADC3_OPAMP_INTERNAL3.Signal=ADC3_OPAMP_INTERNAL3
VP_ADC4_OPAMP_INTERNAL6.Mode=IN-OPAMP6
VP_ADC4_OPAMP_INTERNAL6.Signal=ADC4_OPAMP_INTERNAL6
VP_ADC5_OPAMP_INTERNAL4.Mode=IN-OPAMP4
VP_ADC5_OPAMP_INTERNAL4.Signal=ADC5_OPAMP_INTERNAL4
VP_HRTIM1_VS_hrtimMasterTimerNoOutput.Mode=MasterTimer
VP_HRTIM1_VS_hrtimMasterTimerNoOutput.Signal=HRTIM1_VS_hrtimMasterTimerNoOutput
VP_SYS_VS_DBSignals.Mode=DisableDeadBatterySignals
VP_SYS_VS_DBSignals.Signal=SYS_VS_DBSignals
VP_SYS_VS_Systick.Mode=SysTick
VP_SYS_VS_Systick.Signal=SYS_VS_Systick
VP_TIM17_VS_ClockSourceINT.Mode=Enable_Timer
VP_TIM17_VS_ClockSourceINT.Signal=TIM17_VS_ClockSourceINT
VP_TIM5_VS_ClockSourceINT.Mode=Internal
VP_TIM5_VS_ClockSourceINT.Signal=TIM5_VS_ClockSourceINT
board=custom
